// !$*UTF8*$!
{
	archiveVersion = 1;
	classes = {
	};
	objectVersion = 56;
	objects = {

/* Begin PBXBuildFile section */
		4DF8D9772C2C9D7C00F6F0B6 /* BarcodeScannerAppApp.swift in Sources */ = {isa = PBXBuildFile; fileRef = 4DF8D9762C2C9D7C00F6F0B6 /* BarcodeScannerAppApp.swift */; };
		4DF8D9792C2C9D7C00F6F0B6 /* BarcodeScannerView.swift in Sources */ = {isa = PBXBuildFile; fileRef = 4DF8D9782C2C9D7C00F6F0B6 /* BarcodeScannerView.swift */; };
		4DF8D97B2C2C9D7E00F6F0B6 /* Assets.xcassets in Resources */ = {isa = PBXBuildFile; fileRef = 4DF8D97A2C2C9D7E00F6F0B6 /* Assets.xcassets */; };
		4DF8D97E2C2C9D7E00F6F0B6 /* Preview Assets.xcassets in Resources */ = {isa = PBXBuildFile; fileRef = 4DF8D97D2C2C9D7E00F6F0B6 /* Preview Assets.xcassets */; };
		4DF8D9882C2C9D7E00F6F0B6 /* BarcodeScannerAppTests.swift in Sources */ = {isa = PBXBuildFile; fileRef = 4DF8D9872C2C9D7E00F6F0B6 /* BarcodeScannerAppTests.swift */; };
		4DF8D9922C2C9D7E00F6F0B6 /* BarcodeScannerAppUITests.swift in Sources */ = {isa = PBXBuildFile; fileRef = 4DF8D9912C2C9D7E00F6F0B6 /* BarcodeScannerAppUITests.swift */; };
		4DF8D9942C2C9D7E00F6F0B6 /* BarcodeScannerAppUITestsLaunchTests.swift in Sources */ = {isa = PBXBuildFile; fileRef = 4DF8D9932C2C9D7E00F6F0B6 /* BarcodeScannerAppUITestsLaunchTests.swift */; };
		4DF8D9A12C2CA25700F6F0B6 /* ScannerVC.swift in Sources */ = {isa = PBXBuildFile; fileRef = 4DF8D9A02C2CA25700F6F0B6 /* ScannerVC.swift */; };
		4DF8D9A32C2D612100F6F0B6 /* ScannerView.swift in Sources */ = {isa = PBXBuildFile; fileRef = 4DF8D9A22C2D612100F6F0B6 /* ScannerView.swift */; };
/* End PBXBuildFile section */

/* Begin PBXContainerItemProxy section */
		4DF8D9842C2C9D7E00F6F0B6 /* PBXContainerItemProxy */ = {
			isa = PBXContainerItemProxy;
			containerPortal = 4DF8D96B2C2C9D7C00F6F0B6 /* Project object */;
			proxyType = 1;
			remoteGlobalIDString = 4DF8D9722C2C9D7C00F6F0B6;
			remoteInfo = BarcodeScannerApp;
		};
		4DF8D98E2C2C9D7E00F6F0B6 /* PBXContainerItemProxy */ = {
			isa = PBXContainerItemProxy;
			containerPortal = 4DF8D96B2C2C9D7C00F6F0B6 /* Project object */;
			proxyType = 1;
			remoteGlobalIDString = 4DF8D9722C2C9D7C00F6F0B6;
			remoteInfo = BarcodeScannerApp;
		};
/* End PBXContainerItemProxy section */

/* Begin PBXFileReference section */
		4DF8D9732C2C9D7C00F6F0B6 /* BarcodeScannerApp.app */ = {isa = PBXFileReference; explicitFileType = wrapper.application; includeInIndex = 0; path = BarcodeScannerApp.app; sourceTree = BUILT_PRODUCTS_DIR; };
		4DF8D9762C2C9D7C00F6F0B6 /* BarcodeScannerAppApp.swift */ = {isa = PBXFileReference; lastKnownFileType = sourcecode.swift; path = BarcodeScannerAppApp.swift; sourceTree = "<group>"; };
		4DF8D9782C2C9D7C00F6F0B6 /* BarcodeScannerView.swift */ = {isa = PBXFileReference; lastKnownFileType = sourcecode.swift; path = BarcodeScannerView.swift; sourceTree = "<group>"; };
		4DF8D97A2C2C9D7E00F6F0B6 /* Assets.xcassets */ = {isa = PBXFileReference; lastKnownFileType = folder.assetcatalog; path = Assets.xcassets; sourceTree = "<group>"; };
		4DF8D97D2C2C9D7E00F6F0B6 /* Preview Assets.xcassets */ = {isa = PBXFileReference; lastKnownFileType = folder.assetcatalog; path = "Preview Assets.xcassets"; sourceTree = "<group>"; };
		4DF8D9832C2C9D7E00F6F0B6 /* BarcodeScannerAppTests.xctest */ = {isa = PBXFileReference; explicitFileType = wrapper.cfbundle; includeInIndex = 0; path = BarcodeScannerAppTests.xctest; sourceTree = BUILT_PRODUCTS_DIR; };
		4DF8D9872C2C9D7E00F6F0B6 /* BarcodeScannerAppTests.swift */ = {isa = PBXFileReference; lastKnownFileType = sourcecode.swift; path = BarcodeScannerAppTests.swift; sourceTree = "<group>"; };
		4DF8D98D2C2C9D7E00F6F0B6 /* BarcodeScannerAppUITests.xctest */ = {isa = PBXFileReference; explicitFileType = wrapper.cfbundle; includeInIndex = 0; path = BarcodeScannerAppUITests.xctest; sourceTree = BUILT_PRODUCTS_DIR; };
		4DF8D9912C2C9D7E00F6F0B6 /* BarcodeScannerAppUITests.swift */ = {isa = PBXFileReference; lastKnownFileType = sourcecode.swift; path = BarcodeScannerAppUITests.swift; sourceTree = "<group>"; };
		4DF8D9932C2C9D7E00F6F0B6 /* BarcodeScannerAppUITestsLaunchTests.swift */ = {isa = PBXFileReference; lastKnownFileType = sourcecode.swift; path = BarcodeScannerAppUITestsLaunchTests.swift; sourceTree = "<group>"; };
		4DF8D9A02C2CA25700F6F0B6 /* ScannerVC.swift */ = {isa = PBXFileReference; lastKnownFileType = sourcecode.swift; path = ScannerVC.swift; sourceTree = "<group>"; };
		4DF8D9A22C2D612100F6F0B6 /* ScannerView.swift */ = {isa = PBXFileReference; fileEncoding = 4; lastKnownFileType = sourcecode.swift; name = ScannerView.swift; path = "../../../../../Downloads/Barcode/BarcodeScanner/Views/UIKit Components/ScannerView.swift"; sourceTree = "<group>"; };
/* End PBXFileReference section */

/* Begin PBXFrameworksBuildPhase section */
		4DF8D9702C2C9D7C00F6F0B6 /* Frameworks */ = {
			isa = PBXFrameworksBuildPhase;
			buildActionMask = 2147483647;
			files = (
			);
			runOnlyForDeploymentPostprocessing = 0;
		};
		4DF8D9802C2C9D7E00F6F0B6 /* Frameworks */ = {
			isa = PBXFrameworksBuildPhase;
			buildActionMask = 2147483647;
			files = (
			);
			runOnlyForDeploymentPostprocessing = 0;
		};
		4DF8D98A2C2C9D7E00F6F0B6 /* Frameworks */ = {
			isa = PBXFrameworksBuildPhase;
			buildActionMask = 2147483647;
			files = (
			);
			runOnlyForDeploymentPostprocessing = 0;
		};
/* End PBXFrameworksBuildPhase section */

/* Begin PBXGroup section */
		4DF8D96A2C2C9D7C00F6F0B6 = {
			isa = PBXGroup;
			children = (
				4DF8D9752C2C9D7C00F6F0B6 /* BarcodeScannerApp */,
				4DF8D9862C2C9D7E00F6F0B6 /* BarcodeScannerAppTests */,
				4DF8D9902C2C9D7E00F6F0B6 /* BarcodeScannerAppUITests */,
				4DF8D9742C2C9D7C00F6F0B6 /* Products */,
			);
			sourceTree = "<group>";
		};
		4DF8D9742C2C9D7C00F6F0B6 /* Products */ = {
			isa = PBXGroup;
			children = (
				4DF8D9732C2C9D7C00F6F0B6 /* BarcodeScannerApp.app */,
				4DF8D9832C2C9D7E00F6F0B6 /* BarcodeScannerAppTests.xctest */,
				4DF8D98D2C2C9D7E00F6F0B6 /* BarcodeScannerAppUITests.xctest */,
			);
			name = Products;
			sourceTree = "<group>";
		};
		4DF8D9752C2C9D7C00F6F0B6 /* BarcodeScannerApp */ = {
			isa = PBXGroup;
			children = (
				4DF8D9762C2C9D7C00F6F0B6 /* BarcodeScannerAppApp.swift */,
				4DF8D9782C2C9D7C00F6F0B6 /* BarcodeScannerView.swift */,
				4DF8D97A2C2C9D7E00F6F0B6 /* Assets.xcassets */,
				4DF8D97C2C2C9D7E00F6F0B6 /* Preview Content */,
				4DF8D9A02C2CA25700F6F0B6 /* ScannerVC.swift */,
			);
			path = BarcodeScannerApp;
			sourceTree = "<group>";
		};
		4DF8D97C2C2C9D7E00F6F0B6 /* Preview Content */ = {
			isa = PBXGroup;
			children = (
				4DF8D97D2C2C9D7E00F6F0B6 /* Preview Assets.xcassets */,
				4DF8D9A22C2D612100F6F0B6 /* ScannerView.swift */,
			);
			path = "Preview Content";
			sourceTree = "<group>";
		};
		4DF8D9862C2C9D7E00F6F0B6 /* BarcodeScannerAppTests */ = {
			isa = PBXGroup;
			children = (
				4DF8D9872C2C9D7E00F6F0B6 /* BarcodeScannerAppTests.swift */,
			);
			path = BarcodeScannerAppTests;
			sourceTree = "<group>";
		};
		4DF8D9902C2C9D7E00F6F0B6 /* BarcodeScannerAppUITests */ = {
			isa = PBXGroup;
			children = (
				4DF8D9912C2C9D7E00F6F0B6 /* BarcodeScannerAppUITests.swift */,
				4DF8D9932C2C9D7E00F6F0B6 /* BarcodeScannerAppUITestsLaunchTests.swift */,
			);
			path = BarcodeScannerAppUITests;
			sourceTree = "<group>";
		};
/* End PBXGroup section */

/* Begin PBXNativeTarget section */
		4DF8D9722C2C9D7C00F6F0B6 /* BarcodeScannerApp */ = {
			isa = PBXNativeTarget;
			buildConfigurationList = 4DF8D9972C2C9D7E00F6F0B6 /* Build configuration list for PBXNativeTarget "BarcodeScannerApp" */;
			buildPhases = (
				4DF8D96F2C2C9D7C00F6F0B6 /* Sources */,
				4DF8D9702C2C9D7C00F6F0B6 /* Frameworks */,
				4DF8D9712C2C9D7C00F6F0B6 /* Resources */,
			);
			buildRules = (
			);
			dependencies = (
			);
			name = BarcodeScannerApp;
			productName = BarcodeScannerApp;
			productReference = 4DF8D9732C2C9D7C00F6F0B6 /* BarcodeScannerApp.app */;
			productType = "com.apple.product-type.application";
		};
		4DF8D9822C2C9D7E00F6F0B6 /* BarcodeScannerAppTests */ = {
			isa = PBXNativeTarget;
			buildConfigurationList = 4DF8D99A2C2C9D7E00F6F0B6 /* Build configuration list for PBXNativeTarget "BarcodeScannerAppTests" */;
			buildPhases = (
				4DF8D97F2C2C9D7E00F6F0B6 /* Sources */,
				4DF8D9802C2C9D7E00F6F0B6 /* Frameworks */,
				4DF8D9812C2C9D7E00F6F0B6 /* Resources */,
			);
			buildRules = (
			);
			dependencies = (
				4DF8D9852C2C9D7E00F6F0B6 /* PBXTargetDependency */,
			);
			name = BarcodeScannerAppTests;
			productName = BarcodeScannerAppTests;
			productReference = 4DF8D9832C2C9D7E00F6F0B6 /* BarcodeScannerAppTests.xctest */;
			productType = "com.apple.product-type.bundle.unit-test";
		};
		4DF8D98C2C2C9D7E00F6F0B6 /* BarcodeScannerAppUITests */ = {
			isa = PBXNativeTarget;
			buildConfigurationList = 4DF8D99D2C2C9D7E00F6F0B6 /* Build configuration list for PBXNativeTarget "BarcodeScannerAppUITests" */;
			buildPhases = (
				4DF8D9892C2C9D7E00F6F0B6 /* Sources */,
				4DF8D98A2C2C9D7E00F6F0B6 /* Frameworks */,
				4DF8D98B2C2C9D7E00F6F0B6 /* Resources */,
			);
			buildRules = (
			);
			dependencies = (
				4DF8D98F2C2C9D7E00F6F0B6 /* PBXTargetDependency */,
			);
			name = BarcodeScannerAppUITests;
			productName = BarcodeScannerAppUITests;
			productReference = 4DF8D98D2C2C9D7E00F6F0B6 /* BarcodeScannerAppUITests.xctest */;
			productType = "com.apple.product-type.bundle.ui-testing";
		};
/* End PBXNativeTarget section */

/* Begin PBXProject section */
		4DF8D96B2C2C9D7C00F6F0B6 /* Project object */ = {
			isa = PBXProject;
			attributes = {
				BuildIndependentTargetsInParallel = 1;
				LastSwiftUpdateCheck = 1540;
				LastUpgradeCheck = 1540;
				TargetAttributes = {
					4DF8D9722C2C9D7C00F6F0B6 = {
						CreatedOnToolsVersion = 15.4;
					};
					4DF8D9822C2C9D7E00F6F0B6 = {
						CreatedOnToolsVersion = 15.4;
						TestTargetID = 4DF8D9722C2C9D7C00F6F0B6;
					};
					4DF8D98C2C2C9D7E00F6F0B6 = {
						CreatedOnToolsVersion = 15.4;
						TestTargetID = 4DF8D9722C2C9D7C00F6F0B6;
					};
				};
			};
			buildConfigurationList = 4DF8D96E2C2C9D7C00F6F0B6 /* Build configuration list for PBXProject "BarcodeScannerApp" */;
			compatibilityVersion = "Xcode 14.0";
			developmentRegion = en;
			hasScannedForEncodings = 0;
			knownRegions = (
				en,
				Base,
			);
			mainGroup = 4DF8D96A2C2C9D7C00F6F0B6;
			productRefGroup = 4DF8D9742C2C9D7C00F6F0B6 /* Products */;
			projectDirPath = "";
			projectRoot = "";
			targets = (
				4DF8D9722C2C9D7C00F6F0B6 /* BarcodeScannerApp */,
				4DF8D9822C2C9D7E00F6F0B6 /* BarcodeScannerAppTests */,
				4DF8D98C2C2C9D7E00F6F0B6 /* BarcodeScannerAppUITests */,
			);
		};
/* End PBXProject section */

/* Begin PBXResourcesBuildPhase section */
		4DF8D9712C2C9D7C00F6F0B6 /* Resources */ = {
			isa = PBXResourcesBuildPhase;
			buildActionMask = 2147483647;
			files = (
				4DF8D97E2C2C9D7E00F6F0B6 /* Preview Assets.xcassets in Resources */,
				4DF8D97B2C2C9D7E00F6F0B6 /* Assets.xcassets in Resources */,
			);
			runOnlyForDeploymentPostprocessing = 0;
		};
		4DF8D9812C2C9D7E00F6F0B6 /* Resources */ = {
			isa = PBXResourcesBuildPhase;
			buildActionMask = 2147483647;
			files = (
			);
			runOnlyForDeploymentPostprocessing = 0;
		};
		4DF8D98B2C2C9D7E00F6F0B6 /* Resources */ = {
			isa = PBXResourcesBuildPhase;
			buildActionMask = 2147483647;
			files = (
			);
			runOnlyForDeploymentPostprocessing = 0;
		};
/* End PBXResourcesBuildPhase section */

/* Begin PBXSourcesBuildPhase section */
		4DF8D96F2C2C9D7C00F6F0B6 /* Sources */ = {
			isa = PBXSourcesBuildPhase;
			buildActionMask = 2147483647;
			files = (
				4DF8D9A12C2CA25700F6F0B6 /* ScannerVC.swift in Sources */,
				4DF8D9A32C2D612100F6F0B6 /* ScannerView.swift in Sources */,
				4DF8D9792C2C9D7C00F6F0B6 /* BarcodeScannerView.swift in Sources */,
				4DF8D9772C2C9D7C00F6F0B6 /* BarcodeScannerAppApp.swift in Sources */,
			);
			runOnlyForDeploymentPostprocessing = 0;
		};
		4DF8D97F2C2C9D7E00F6F0B6 /* Sources */ = {
			isa = PBXSourcesBuildPhase;
			buildActionMask = 2147483647;
			files = (
				4DF8D9882C2C9D7E00F6F0B6 /* BarcodeScannerAppTests.swift in Sources */,
			);
			runOnlyForDeploymentPostprocessing = 0;
		};
		4DF8D9892C2C9D7E00F6F0B6 /* Sources */ = {
			isa = PBXSourcesBuildPhase;
			buildActionMask = 2147483647;
			files = (
				4DF8D9942C2C9D7E00F6F0B6 /* BarcodeScannerAppUITestsLaunchTests.swift in Sources */,
				4DF8D9922C2C9D7E00F6F0B6 /* BarcodeScannerAppUITests.swift in Sources */,
			);
			runOnlyForDeploymentPostprocessing = 0;
		};
/* End PBXSourcesBuildPhase section */

/* Begin PBXTargetDependency section */
		4DF8D9852C2C9D7E00F6F0B6 /* PBXTargetDependency */ = {
			isa = PBXTargetDependency;
			target = 4DF8D9722C2C9D7C00F6F0B6 /* BarcodeScannerApp */;
			targetProxy = 4DF8D9842C2C9D7E00F6F0B6 /* PBXContainerItemProxy */;
		};
		4DF8D98F2C2C9D7E00F6F0B6 /* PBXTargetDependency */ = {
			isa = PBXTargetDependency;
			target = 4DF8D9722C2C9D7C00F6F0B6 /* BarcodeScannerApp */;
			targetProxy = 4DF8D98E2C2C9D7E00F6F0B6 /* PBXContainerItemProxy */;
		};
/* End PBXTargetDependency section */

/* Begin XCBuildConfiguration section */
		4DF8D9952C2C9D7E00F6F0B6 /* Debug */ = {
			isa = XCBuildConfiguration;
			buildSettings = {
				ALWAYS_SEARCH_USER_PATHS = NO;
				ASSETCATALOG_COMPILER_GENERATE_SWIFT_ASSET_SYMBOL_EXTENSIONS = YES;
				CLANG_ANALYZER_NONNULL = YES;
				CLANG_ANALYZER_NUMBER_OBJECT_CONVERSION = YES_AGGRESSIVE;
				CLANG_CXX_LANGUAGE_STANDARD = "gnu++20";
				CLANG_ENABLE_MODULES = YES;
				CLANG_ENABLE_OBJC_ARC = YES;
				CLANG_ENABLE_OBJC_WEAK = YES;
				CLANG_WARN_BLOCK_CAPTURE_AUTORELEASING = YES;
				CLANG_WARN_BOOL_CONVERSION = YES;
				CLANG_WARN_COMMA = YES;
				CLANG_WARN_CONSTANT_CONVERSION = YES;
				CLANG_WARN_DEPRECATED_OBJC_IMPLEMENTATIONS = YES;
				CLANG_WARN_DIRECT_OBJC_ISA_USAGE = YES_ERROR;
				CLANG_WARN_DOCUMENTATION_COMMENTS = YES;
				CLANG_WARN_EMPTY_BODY = YES;
				CLANG_WARN_ENUM_CONVERSION = YES;
				CLANG_WARN_INFINITE_RECURSION = YES;
				CLANG_WARN_INT_CONVERSION = YES;
				CLANG_WARN_NON_LITERAL_NULL_CONVERSION = YES;
				CLANG_WARN_OBJC_IMPLICIT_RETAIN_SELF = YES;
				CLANG_WARN_OBJC_LITERAL_CONVERSION = YES;
				CLANG_WARN_OBJC_ROOT_CLASS = YES_ERROR;
				CLANG_WARN_QUOTED_INCLUDE_IN_FRAMEWORK_HEADER = YES;
				CLANG_WARN_RANGE_LOOP_ANALYSIS = YES;
				CLANG_WARN_STRICT_PROTOTYPES = YES;
				CLANG_WARN_SUSPICIOUS_MOVE = YES;
				CLANG_WARN_UNGUARDED_AVAILABILITY = YES_AGGRESSIVE;
				CLANG_WARN_UNREACHABLE_CODE = YES;
				CLANG_WARN__DUPLICATE_METHOD_MATCH = YES;
				COPY_PHASE_STRIP = NO;
				DEBUG_INFORMATION_FORMAT = dwarf;
				ENABLE_STRICT_OBJC_MSGSEND = YES;
				ENABLE_TESTABILITY = YES;
				ENABLE_USER_SCRIPT_SANDBOXING = YES;
				GCC_C_LANGUAGE_STANDARD = gnu17;
				GCC_DYNAMIC_NO_PIC = NO;
				GCC_NO_COMMON_BLOCKS = YES;
				GCC_OPTIMIZATION_LEVEL = 0;
				GCC_PREPROCESSOR_DEFINITIONS = (
					"DEBUG=1",
					"$(inherited)",
				);
				GCC_WARN_64_TO_32_BIT_CONVERSION = YES;
				GCC_WARN_ABOUT_RETURN_TYPE = YES_ERROR;
				GCC_WARN_UNDECLARED_SELECTOR = YES;
				GCC_WARN_UNINITIALIZED_AUTOS = YES_AGGRESSIVE;
				GCC_WARN_UNUSED_FUNCTION = YES;
				GCC_WARN_UNUSED_VARIABLE = YES;
				IPHONEOS_DEPLOYMENT_TARGET = 17.5;
				LOCALIZATION_PREFERS_STRING_CATALOGS = YES;
				MTL_ENABLE_DEBUG_INFO = INCLUDE_SOURCE;
				MTL_FAST_MATH = YES;
				ONLY_ACTIVE_ARCH = YES;
				SDKROOT = iphoneos;
				SWIFT_ACTIVE_COMPILATION_CONDITIONS = "DEBUG $(inherited)";
				SWIFT_OPTIMIZATION_LEVEL = "-Onone";
			};
			name = Debug;
		};
		4DF8D9962C2C9D7E00F6F0B6 /* Release */ = {
			isa = XCBuildConfiguration;
			buildSettings = {
				ALWAYS_SEARCH_USER_PATHS = NO;
				ASSETCATALOG_COMPILER_GENERATE_SWIFT_ASSET_SYMBOL_EXTENSIONS = YES;
				CLANG_ANALYZER_NONNULL = YES;
				CLANG_ANALYZER_NUMBER_OBJECT_CONVERSION = YES_AGGRESSIVE;
				CLANG_CXX_LANGUAGE_STANDARD = "gnu++20";
				CLANG_ENABLE_MODULES = YES;
				CLANG_ENABLE_OBJC_ARC = YES;
				CLANG_ENABLE_OBJC_WEAK = YES;
				CLANG_WARN_BLOCK_CAPTURE_AUTORELEASING = YES;
				CLANG_WARN_BOOL_CONVERSION = YES;
				CLANG_WARN_COMMA = YES;
				CLANG_WARN_CONSTANT_CONVERSION = YES;
				CLANG_WARN_DEPRECATED_OBJC_IMPLEMENTATIONS = YES;
				CLANG_WARN_DIRECT_OBJC_ISA_USAGE = YES_ERROR;
				CLANG_WARN_DOCUMENTATION_COMMENTS = YES;
				CLANG_WARN_EMPTY_BODY = YES;
				CLANG_WARN_ENUM_CONVERSION = YES;
				CLANG_WARN_INFINITE_RECURSION = YES;
				CLANG_WARN_INT_CONVERSION = YES;
				CLANG_WARN_NON_LITERAL_NULL_CONVERSION = YES;
				CLANG_WARN_OBJC_IMPLICIT_RETAIN_SELF = YES;
				CLANG_WARN_OBJC_LITERAL_CONVERSION = YES;
				CLANG_WARN_OBJC_ROOT_CLASS = YES_ERROR;
				CLANG_WARN_QUOTED_INCLUDE_IN_FRAMEWORK_HEADER = YES;
				CLANG_WARN_RANGE_LOOP_ANALYSIS = YES;
				CLANG_WARN_STRICT_PROTOTYPES = YES;
				CLANG_WARN_SUSPICIOUS_MOVE = YES;
				CLANG_WARN_UNGUARDED_AVAILABILITY = YES_AGGRESSIVE;
				CLANG_WARN_UNREACHABLE_CODE = YES;
				CLANG_WARN__DUPLICATE_METHOD_MATCH = YES;
				COPY_PHASE_STRIP = NO;
				DEBUG_INFORMATION_FORMAT = "dwarf-with-dsym";
				ENABLE_NS_ASSERTIONS = NO;
				ENABLE_STRICT_OBJC_MSGSEND = YES;
				ENABLE_USER_SCRIPT_SANDBOXING = YES;
				GCC_C_LANGUAGE_STANDARD = gnu17;
				GCC_NO_COMMON_BLOCKS = YES;
				GCC_WARN_64_TO_32_BIT_CONVERSION = YES;
				GCC_WARN_ABOUT_RETURN_TYPE = YES_ERROR;
				GCC_WARN_UNDECLARED_SELECTOR = YES;
				GCC_WARN_UNINITIALIZED_AUTOS = YES_AGGRESSIVE;
				GCC_WARN_UNUSED_FUNCTION = YES;
				GCC_WARN_UNUSED_VARIABLE = YES;
				IPHONEOS_DEPLOYMENT_TARGET = 17.5;
				LOCALIZATION_PREFERS_STRING_CATALOGS = YES;
				MTL_ENABLE_DEBUG_INFO = NO;
				MTL_FAST_MATH = YES;
				SDKROOT = iphoneos;
				SWIFT_COMPILATION_MODE = wholemodule;
				VALIDATE_PRODUCT = YES;
			};
			name = Release;
		};
		4DF8D9982C2C9D7E00F6F0B6 /* Debug */ = {
			isa = XCBuildConfiguration;
			buildSettings = {
				ASSETCATALOG_COMPILER_APPICON_NAME = AppIcon;
				ASSETCATALOG_COMPILER_GLOBAL_ACCENT_COLOR_NAME = AccentColor;
				CODE_SIGN_STYLE = Automatic;
				CURRENT_PROJECT_VERSION = 1;
				DEVELOPMENT_ASSET_PATHS = "\"BarcodeScannerApp/Preview Content\"";
				ENABLE_PREVIEWS = YES;
				GENERATE_INFOPLIST_FILE = YES;
				INFOPLIST_KEY_UIApplicationSceneManifest_Generation = YES;
				INFOPLIST_KEY_UIApplicationSupportsIndirectInputEvents = YES;
				INFOPLIST_KEY_UILaunchScreen_Generation = YES;
				INFOPLIST_KEY_UISupportedInterfaceOrientations_iPad = "UIInterfaceOrientationPortrait UIInterfaceOrientationPortraitUpsideDown UIInterfaceOrientationLandscapeLeft UIInterfaceOrientationLandscapeRight";
				INFOPLIST_KEY_UISupportedInterfaceOrientations_iPhone = "UIInterfaceOrientationPortrait UIInterfaceOrientationLandscapeLeft UIInterfaceOrientationLandscapeRight";
				LD_RUNPATH_SEARCH_PATHS = (
					"$(inherited)",
					"@executable_path/Frameworks",
				);
				MARKETING_VERSION = 1.0;
				PRODUCT_BUNDLE_IDENTIFIER = "waqar-boy.BarcodeScannerApp";
				PRODUCT_NAME = "$(TARGET_NAME)";
				SWIFT_EMIT_LOC_STRINGS = YES;
				SWIFT_VERSION = 5.0;
				TARGETED_DEVICE_FAMILY = "1,2";
			};
			name = Debug;
		};
		4DF8D9992C2C9D7E00F6F0B6 /* Release */ = {
			isa = XCBuildConfiguration;
			buildSettings = {
				ASSETCATALOG_COMPILER_APPICON_NAME = AppIcon;
				ASSETCATALOG_COMPILER_GLOBAL_ACCENT_COLOR_NAME = AccentColor;
				CODE_SIGN_STYLE = Automatic;
				CURRENT_PROJECT_VERSION = 1;
				DEVELOPMENT_ASSET_PATHS = "\"BarcodeScannerApp/Preview Content\"";
				ENABLE_PREVIEWS = YES;
				GENERATE_INFOPLIST_FILE = YES;
				INFOPLIST_KEY_UIApplicationSceneManifest_Generation = YES;
				INFOPLIST_KEY_UIApplicationSupportsIndirectInputEvents = YES;
				INFOPLIST_KEY_UILaunchScreen_Generation = YES;
				INFOPLIST_KEY_UISupportedInterfaceOrientations_iPad = "UIInterfaceOrientationPortrait UIInterfaceOrientationPortraitUpsideDown UIInterfaceOrientationLandscapeLeft UIInterfaceOrientationLandscapeRight";
				INFOPLIST_KEY_UISupportedInterfaceOrientations_iPhone = "UIInterfaceOrientationPortrait UIInterfaceOrientationLandscapeLeft UIInterfaceOrientationLandscapeRight";
				LD_RUNPATH_SEARCH_PATHS = (
					"$(inherited)",
					"@executable_path/Frameworks",
				);
				MARKETING_VERSION = 1.0;
				PRODUCT_BUNDLE_IDENTIFIER = "waqar-boy.BarcodeScannerApp";
				PRODUCT_NAME = "$(TARGET_NAME)";
				SWIFT_EMIT_LOC_STRINGS = YES;
				SWIFT_VERSION = 5.0;
				TARGETED_DEVICE_FAMILY = "1,2";
			};
			name = Release;
		};
		4DF8D99B2C2C9D7E00F6F0B6 /* Debug */ = {
			isa = XCBuildConfiguration;
			buildSettings = {
				ALWAYS_EMBED_SWIFT_STANDARD_LIBRARIES = YES;
				BUNDLE_LOADER = "$(TEST_HOST)";
				CODE_SIGN_STYLE = Automatic;
				CURRENT_PROJECT_VERSION = 1;
				GENERATE_INFOPLIST_FILE = YES;
				IPHONEOS_DEPLOYMENT_TARGET = 17.5;
				MARKETING_VERSION = 1.0;
				PRODUCT_BUNDLE_IDENTIFIER = "waqar-boy.BarcodeScannerAppTests";
				PRODUCT_NAME = "$(TARGET_NAME)";
				SWIFT_EMIT_LOC_STRINGS = NO;
				SWIFT_VERSION = 5.0;
				TARGETED_DEVICE_FAMILY = "1,2";
				TEST_HOST = "$(BUILT_PRODUCTS_DIR)/BarcodeScannerApp.app/$(BUNDLE_EXECUTABLE_FOLDER_PATH)/BarcodeScannerApp";
			};
			name = Debug;
		};
		4DF8D99C2C2C9D7E00F6F0B6 /* Release */ = {
			isa = XCBuildConfiguration;
			buildSettings = {
				ALWAYS_EMBED_SWIFT_STANDARD_LIBRARIES = YES;
				BUNDLE_LOADER = "$(TEST_HOST)";
				CODE_SIGN_STYLE = Automatic;
				CURRENT_PROJECT_VERSION = 1;
				GENERATE_INFOPLIST_FILE = YES;
				IPHONEOS_DEPLOYMENT_TARGET = 17.5;
				MARKETING_VERSION = 1.0;
				PRODUCT_BUNDLE_IDENTIFIER = "waqar-boy.BarcodeScannerAppTests";
				PRODUCT_NAME = "$(TARGET_NAME)";
				SWIFT_EMIT_LOC_STRINGS = NO;
				SWIFT_VERSION = 5.0;
				TARGETED_DEVICE_FAMILY = "1,2";
				TEST_HOST = "$(BUILT_PRODUCTS_DIR)/BarcodeScannerApp.app/$(BUNDLE_EXECUTABLE_FOLDER_PATH)/BarcodeScannerApp";
			};
			name = Release;
		};
		4DF8D99E2C2C9D7E00F6F0B6 /* Debug */ = {
			isa = XCBuildConfiguration;
			buildSettings = {
				ALWAYS_EMBED_SWIFT_STANDARD_LIBRARIES = YES;
				CODE_SIGN_STYLE = Automatic;
				CURRENT_PROJECT_VERSION = 1;
				GENERATE_INFOPLIST_FILE = YES;
				MARKETING_VERSION = 1.0;
				PRODUCT_BUNDLE_IDENTIFIER = "waqar-boy.BarcodeScannerAppUITests";
				PRODUCT_NAME = "$(TARGET_NAME)";
				SWIFT_EMIT_LOC_STRINGS = NO;
				SWIFT_VERSION = 5.0;
				TARGETED_DEVICE_FAMILY = "1,2";
				TEST_TARGET_NAME = BarcodeScannerApp;
			};
			name = Debug;
		};
		4DF8D99F2C2C9D7E00F6F0B6 /* Release */ = {
			isa = XCBuildConfiguration;
			buildSettings = {
				ALWAYS_EMBED_SWIFT_STANDARD_LIBRARIES = YES;
				CODE_SIGN_STYLE = Automatic;
				CURRENT_PROJECT_VERSION = 1;
				GENERATE_INFOPLIST_FILE = YES;
				MARKETING_VERSION = 1.0;
				PRODUCT_BUNDLE_IDENTIFIER = "waqar-boy.BarcodeScannerAppUITests";
				PRODUCT_NAME = "$(TARGET_NAME)";
				SWIFT_EMIT_LOC_STRINGS = NO;
				SWIFT_VERSION = 5.0;
				TARGETED_DEVICE_FAMILY = "1,2";
				TEST_TARGET_NAME = BarcodeScannerApp;
			};
			name = Release;
		};
/* End XCBuildConfiguration section */

/* Begin XCConfigurationList section */
		4DF8D96E2C2C9D7C00F6F0B6 /* Build configuration list for PBXProject "BarcodeScannerApp" */ = {
			isa = XCConfigurationList;
			buildConfigurations = (
				4DF8D9952C2C9D7E00F6F0B6 /* Debug */,
				4DF8D9962C2C9D7E00F6F0B6 /* Release */,
			);
			defaultConfigurationIsVisible = 0;
			defaultConfigurationName = Release;
		};
		4DF8D9972C2C9D7E00F6F0B6 /* Build configuration list for PBXNativeTarget "BarcodeScannerApp" */ = {
			isa = XCConfigurationList;
			buildConfigurations = (
				4DF8D9982C2C9D7E00F6F0B6 /* Debug */,
				4DF8D9992C2C9D7E00F6F0B6 /* Release */,
			);
			defaultConfigurationIsVisible = 0;
			defaultConfigurationName = Release;
		};
		4DF8D99A2C2C9D7E00F6F0B6 /* Build configuration list for PBXNativeTarget "BarcodeScannerAppTests" */ = {
			isa = XCConfigurationList;
			buildConfigurations = (
				4DF8D99B2C2C9D7E00F6F0B6 /* Debug */,
				4DF8D99C2C2C9D7E00F6F0B6 /* Release */,
			);
			defaultConfigurationIsVisible = 0;
			defaultConfigurationName = Release;
		};
		4DF8D99D2C2C9D7E00F6F0B6 /* Build configuration list for PBXNativeTarget "BarcodeScannerAppUITests" */ = {
			isa = XCConfigurationList;
			buildConfigurations = (
				4DF8D99E2C2C9D7E00F6F0B6 /* Debug */,
				4DF8D99F2C2C9D7E00F6F0B6 /* Release */,
			);
			defaultConfigurationIsVisible = 0;
			defaultConfigurationName = Release;
		};
/* End XCConfigurationList section */
	};
	rootObject = 4DF8D96B2C2C9D7C00F6F0B6 /* Project object */;
}
